// !$*UTF8*$!
{
	archiveVersion = 1;
	classes = {
	};
	objectVersion = 56;
	objects = {

/* Begin PBXBuildFile section */
		FC979B172B5C8AB3007D41E8 /* LumLearningApp.swift in Sources */ = {isa = PBXBuildFile; fileRef = FC979B162B5C8AB3007D41E8 /* LumLearningApp.swift */; };
		FC979B192B5C8AB3007D41E8 /* ContentView.swift in Sources */ = {isa = PBXBuildFile; fileRef = FC979B182B5C8AB3007D41E8 /* ContentView.swift */; };
		FC979B1B2B5C8AB4007D41E8 /* Assets.xcassets in Resources */ = {isa = PBXBuildFile; fileRef = FC979B1A2B5C8AB4007D41E8 /* Assets.xcassets */; };
		FC979B1E2B5C8AB4007D41E8 /* Preview Assets.xcassets in Resources */ = {isa = PBXBuildFile; fileRef = FC979B1D2B5C8AB4007D41E8 /* Preview Assets.xcassets */; };
		FC979B282B5C8AB4007D41E8 /* LumLearningTests.swift in Sources */ = {isa = PBXBuildFile; fileRef = FC979B272B5C8AB4007D41E8 /* LumLearningTests.swift */; };
		FC979B322B5C8AB4007D41E8 /* LumLearningUITests.swift in Sources */ = {isa = PBXBuildFile; fileRef = FC979B312B5C8AB4007D41E8 /* LumLearningUITests.swift */; };
		FC979B342B5C8AB4007D41E8 /* LumLearningUITestsLaunchTests.swift in Sources */ = {isa = PBXBuildFile; fileRef = FC979B332B5C8AB4007D41E8 /* LumLearningUITestsLaunchTests.swift */; };
/* End PBXBuildFile section */

/* Begin PBXContainerItemProxy section */
		FC979B242B5C8AB4007D41E8 /* PBXContainerItemProxy */ = {
			isa = PBXContainerItemProxy;
			containerPortal = FC979B0B2B5C8AB3007D41E8 /* Project object */;
			proxyType = 1;
			remoteGlobalIDString = FC979B122B5C8AB3007D41E8;
			remoteInfo = LumLearning;
		};
		FC979B2E2B5C8AB4007D41E8 /* PBXContainerItemProxy */ = {
			isa = PBXContainerItemProxy;
			containerPortal = FC979B0B2B5C8AB3007D41E8 /* Project object */;
			proxyType = 1;
			remoteGlobalIDString = FC979B122B5C8AB3007D41E8;
			remoteInfo = LumLearning;
		};
/* End PBXContainerItemProxy section */

/* Begin PBXFileReference section */
		FC979B132B5C8AB3007D41E8 /* LumLearning.app */ = {isa = PBXFileReference; explicitFileType = wrapper.application; includeInIndex = 0; path = LumLearning.app; sourceTree = BUILT_PRODUCTS_DIR; };
		FC979B162B5C8AB3007D41E8 /* LumLearningApp.swift */ = {isa = PBXFileReference; lastKnownFileType = sourcecode.swift; path = LumLearningApp.swift; sourceTree = "<group>"; };
		FC979B182B5C8AB3007D41E8 /* ContentView.swift */ = {isa = PBXFileReference; lastKnownFileType = sourcecode.swift; path = ContentView.swift; sourceTree = "<group>"; };
		FC979B1A2B5C8AB4007D41E8 /* Assets.xcassets */ = {isa = PBXFileReference; lastKnownFileType = folder.assetcatalog; path = Assets.xcassets; sourceTree = "<group>"; };
		FC979B1D2B5C8AB4007D41E8 /* Preview Assets.xcassets */ = {isa = PBXFileReference; lastKnownFileType = folder.assetcatalog; path = "Preview Assets.xcassets"; sourceTree = "<group>"; };
		FC979B232B5C8AB4007D41E8 /* LumLearningTests.xctest */ = {isa = PBXFileReference; explicitFileType = wrapper.cfbundle; includeInIndex = 0; path = LumLearningTests.xctest; sourceTree = BUILT_PRODUCTS_DIR; };
		FC979B272B5C8AB4007D41E8 /* LumLearningTests.swift */ = {isa = PBXFileReference; lastKnownFileType = sourcecode.swift; path = LumLearningTests.swift; sourceTree = "<group>"; };
		FC979B2D2B5C8AB4007D41E8 /* LumLearningUITests.xctest */ = {isa = PBXFileReference; explicitFileType = wrapper.cfbundle; includeInIndex = 0; path = LumLearningUITests.xctest; sourceTree = BUILT_PRODUCTS_DIR; };
		FC979B312B5C8AB4007D41E8 /* LumLearningUITests.swift */ = {isa = PBXFileReference; lastKnownFileType = sourcecode.swift; path = LumLearningUITests.swift; sourceTree = "<group>"; };
		FC979B332B5C8AB4007D41E8 /* LumLearningUITestsLaunchTests.swift */ = {isa = PBXFileReference; lastKnownFileType = sourcecode.swift; path = LumLearningUITestsLaunchTests.swift; sourceTree = "<group>"; };
/* End PBXFileReference section */

/* Begin PBXFrameworksBuildPhase section */
		FC979B102B5C8AB3007D41E8 /* Frameworks */ = {
			isa = PBXFrameworksBuildPhase;
			buildActionMask = 2147483647;
			files = (
			);
			runOnlyForDeploymentPostprocessing = 0;
		};
		FC979B202B5C8AB4007D41E8 /* Frameworks */ = {
			isa = PBXFrameworksBuildPhase;
			buildActionMask = 2147483647;
			files = (
			);
			runOnlyForDeploymentPostprocessing = 0;
		};
		FC979B2A2B5C8AB4007D41E8 /* Frameworks */ = {
			isa = PBXFrameworksBuildPhase;
			buildActionMask = 2147483647;
			files = (
			);
			runOnlyForDeploymentPostprocessing = 0;
		};
/* End PBXFrameworksBuildPhase section */

/* Begin PBXGroup section */
		FC979B0A2B5C8AB3007D41E8 = {
			isa = PBXGroup;
			children = (
				FC979B152B5C8AB3007D41E8 /* LumLearning */,
				FC979B262B5C8AB4007D41E8 /* LumLearningTests */,
				FC979B302B5C8AB4007D41E8 /* LumLearningUITests */,
				FC979B142B5C8AB3007D41E8 /* Products */,
			);
			sourceTree = "<group>";
		};
		FC979B142B5C8AB3007D41E8 /* Products */ = {
			isa = PBXGroup;
			children = (
				FC979B132B5C8AB3007D41E8 /* LumLearning.app */,
				FC979B232B5C8AB4007D41E8 /* LumLearningTests.xctest */,
				FC979B2D2B5C8AB4007D41E8 /* LumLearningUITests.xctest */,
			);
			name = Products;
			sourceTree = "<group>";
		};
		FC979B152B5C8AB3007D41E8 /* LumLearning */ = {
			isa = PBXGroup;
			children = (
				FC979B162B5C8AB3007D41E8 /* LumLearningApp.swift */,
				FC979B182B5C8AB3007D41E8 /* ContentView.swift */,
				FC979B1A2B5C8AB4007D41E8 /* Assets.xcassets */,
				FC979B1C2B5C8AB4007D41E8 /* Preview Content */,
			);
			path = LumLearning;
			sourceTree = "<group>";
		};
		FC979B1C2B5C8AB4007D41E8 /* Preview Content */ = {
			isa = PBXGroup;
			children = (
				FC979B1D2B5C8AB4007D41E8 /* Preview Assets.xcassets */,
			);
			path = "Preview Content";
			sourceTree = "<group>";
		};
		FC979B262B5C8AB4007D41E8 /* LumLearningTests */ = {
			isa = PBXGroup;
			children = (
				FC979B272B5C8AB4007D41E8 /* LumLearningTests.swift */,
			);
			path = LumLearningTests;
			sourceTree = "<group>";
		};
		FC979B302B5C8AB4007D41E8 /* LumLearningUITests */ = {
			isa = PBXGroup;
			children = (
				FC979B312B5C8AB4007D41E8 /* LumLearningUITests.swift */,
				FC979B332B5C8AB4007D41E8 /* LumLearningUITestsLaunchTests.swift */,
			);
			path = LumLearningUITests;
			sourceTree = "<group>";
		};
/* End PBXGroup section */

/* Begin PBXNativeTarget section */
		FC979B122B5C8AB3007D41E8 /* LumLearning */ = {
			isa = PBXNativeTarget;
			buildConfigurationList = FC979B372B5C8AB4007D41E8 /* Build configuration list for PBXNativeTarget "LumLearning" */;
			buildPhases = (
				FC979B0F2B5C8AB3007D41E8 /* Sources */,
				FC979B102B5C8AB3007D41E8 /* Frameworks */,
				FC979B112B5C8AB3007D41E8 /* Resources */,
			);
			buildRules = (
			);
			dependencies = (
			);
			name = LumLearning;
			productName = LumLearning;
			productReference = FC979B132B5C8AB3007D41E8 /* LumLearning.app */;
			productType = "com.apple.product-type.application";
		};
		FC979B222B5C8AB4007D41E8 /* LumLearningTests */ = {
			isa = PBXNativeTarget;
			buildConfigurationList = FC979B3A2B5C8AB4007D41E8 /* Build configuration list for PBXNativeTarget "LumLearningTests" */;
			buildPhases = (
				FC979B1F2B5C8AB4007D41E8 /* Sources */,
				FC979B202B5C8AB4007D41E8 /* Frameworks */,
				FC979B212B5C8AB4007D41E8 /* Resources */,
			);
			buildRules = (
			);
			dependencies = (
				FC979B252B5C8AB4007D41E8 /* PBXTargetDependency */,
			);
			name = LumLearningTests;
			productName = LumLearningTests;
			productReference = FC979B232B5C8AB4007D41E8 /* LumLearningTests.xctest */;
			productType = "com.apple.product-type.bundle.unit-test";
		};
		FC979B2C2B5C8AB4007D41E8 /* LumLearningUITests */ = {
			isa = PBXNativeTarget;
			buildConfigurationList = FC979B3D2B5C8AB4007D41E8 /* Build configuration list for PBXNativeTarget "LumLearningUITests" */;
			buildPhases = (
				FC979B292B5C8AB4007D41E8 /* Sources */,
				FC979B2A2B5C8AB4007D41E8 /* Frameworks */,
				FC979B2B2B5C8AB4007D41E8 /* Resources */,
			);
			buildRules = (
			);
			dependencies = (
				FC979B2F2B5C8AB4007D41E8 /* PBXTargetDependency */,
			);
			name = LumLearningUITests;
			productName = LumLearningUITests;
			productReference = FC979B2D2B5C8AB4007D41E8 /* LumLearningUITests.xctest */;
			productType = "com.apple.product-type.bundle.ui-testing";
		};
/* End PBXNativeTarget section */

/* Begin PBXProject section */
		FC979B0B2B5C8AB3007D41E8 /* Project object */ = {
			isa = PBXProject;
			attributes = {
				BuildIndependentTargetsInParallel = 1;
				LastSwiftUpdateCheck = 1520;
				LastUpgradeCheck = 1520;
				TargetAttributes = {
					FC979B122B5C8AB3007D41E8 = {
						CreatedOnToolsVersion = 15.2;
					};
					FC979B222B5C8AB4007D41E8 = {
						CreatedOnToolsVersion = 15.2;
						TestTargetID = FC979B122B5C8AB3007D41E8;
					};
					FC979B2C2B5C8AB4007D41E8 = {
						CreatedOnToolsVersion = 15.2;
						TestTargetID = FC979B122B5C8AB3007D41E8;
					};
				};
			};
			buildConfigurationList = FC979B0E2B5C8AB3007D41E8 /* Build configuration list for PBXProject "LumLearning" */;
			compatibilityVersion = "Xcode 14.0";
			developmentRegion = en;
			hasScannedForEncodings = 0;
			knownRegions = (
				en,
				Base,
			);
			mainGroup = FC979B0A2B5C8AB3007D41E8;
			productRefGroup = FC979B142B5C8AB3007D41E8 /* Products */;
			projectDirPath = "";
			projectRoot = "";
			targets = (
				FC979B122B5C8AB3007D41E8 /* LumLearning */,
				FC979B222B5C8AB4007D41E8 /* LumLearningTests */,
				FC979B2C2B5C8AB4007D41E8 /* LumLearningUITests */,
			);
		};
/* End PBXProject section */

/* Begin PBXResourcesBuildPhase section */
		FC979B112B5C8AB3007D41E8 /* Resources */ = {
			isa = PBXResourcesBuildPhase;
			buildActionMask = 2147483647;
			files = (
				FC979B1E2B5C8AB4007D41E8 /* Preview Assets.xcassets in Resources */,
				FC979B1B2B5C8AB4007D41E8 /* Assets.xcassets in Resources */,
			);
			runOnlyForDeploymentPostprocessing = 0;
		};
		FC979B212B5C8AB4007D41E8 /* Resources */ = {
			isa = PBXResourcesBuildPhase;
			buildActionMask = 2147483647;
			files = (
			);
			runOnlyForDeploymentPostprocessing = 0;
		};
		FC979B2B2B5C8AB4007D41E8 /* Resources */ = {
			isa = PBXResourcesBuildPhase;
			buildActionMask = 2147483647;
			files = (
			);
			runOnlyForDeploymentPostprocessing = 0;
		};
/* End PBXResourcesBuildPhase section */

/* Begin PBXSourcesBuildPhase section */
		FC979B0F2B5C8AB3007D41E8 /* Sources */ = {
			isa = PBXSourcesBuildPhase;
			buildActionMask = 2147483647;
			files = (
				FC979B192B5C8AB3007D41E8 /* ContentView.swift in Sources */,
				FC979B172B5C8AB3007D41E8 /* LumLearningApp.swift in Sources */,
			);
			runOnlyForDeploymentPostprocessing = 0;
		};
		FC979B1F2B5C8AB4007D41E8 /* Sources */ = {
			isa = PBXSourcesBuildPhase;
			buildActionMask = 2147483647;
			files = (
				FC979B282B5C8AB4007D41E8 /* LumLearningTests.swift in Sources */,
			);
			runOnlyForDeploymentPostprocessing = 0;
		};
		FC979B292B5C8AB4007D41E8 /* Sources */ = {
			isa = PBXSourcesBuildPhase;
			buildActionMask = 2147483647;
			files = (
				FC979B322B5C8AB4007D41E8 /* LumLearningUITests.swift in Sources */,
				FC979B342B5C8AB4007D41E8 /* LumLearningUITestsLaunchTests.swift in Sources */,
			);
			runOnlyForDeploymentPostprocessing = 0;
		};
/* End PBXSourcesBuildPhase section */

/* Begin PBXTargetDependency section */
		FC979B252B5C8AB4007D41E8 /* PBXTargetDependency */ = {
			isa = PBXTargetDependency;
			target = FC979B122B5C8AB3007D41E8 /* LumLearning */;
			targetProxy = FC979B242B5C8AB4007D41E8 /* PBXContainerItemProxy */;
		};
		FC979B2F2B5C8AB4007D41E8 /* PBXTargetDependency */ = {
			isa = PBXTargetDependency;
			target = FC979B122B5C8AB3007D41E8 /* LumLearning */;
			targetProxy = FC979B2E2B5C8AB4007D41E8 /* PBXContainerItemProxy */;
		};
/* End PBXTargetDependency section */

/* Begin XCBuildConfiguration section */
		FC979B352B5C8AB4007D41E8 /* Debug */ = {
			isa = XCBuildConfiguration;
			buildSettings = {
				ALWAYS_SEARCH_USER_PATHS = NO;
				ASSETCATALOG_COMPILER_GENERATE_SWIFT_ASSET_SYMBOL_EXTENSIONS = YES;
				CLANG_ANALYZER_NONNULL = YES;
				CLANG_ANALYZER_NUMBER_OBJECT_CONVERSION = YES_AGGRESSIVE;
				CLANG_CXX_LANGUAGE_STANDARD = "gnu++20";
				CLANG_ENABLE_MODULES = YES;
				CLANG_ENABLE_OBJC_ARC = YES;
				CLANG_ENABLE_OBJC_WEAK = YES;
				CLANG_WARN_BLOCK_CAPTURE_AUTORELEASING = YES;
				CLANG_WARN_BOOL_CONVERSION = YES;
				CLANG_WARN_COMMA = YES;
				CLANG_WARN_CONSTANT_CONVERSION = YES;
				CLANG_WARN_DEPRECATED_OBJC_IMPLEMENTATIONS = YES;
				CLANG_WARN_DIRECT_OBJC_ISA_USAGE = YES_ERROR;
				CLANG_WARN_DOCUMENTATION_COMMENTS = YES;
				CLANG_WARN_EMPTY_BODY = YES;
				CLANG_WARN_ENUM_CONVERSION = YES;
				CLANG_WARN_INFINITE_RECURSION = YES;
				CLANG_WARN_INT_CONVERSION = YES;
				CLANG_WARN_NON_LITERAL_NULL_CONVERSION = YES;
				CLANG_WARN_OBJC_IMPLICIT_RETAIN_SELF = YES;
				CLANG_WARN_OBJC_LITERAL_CONVERSION = YES;
				CLANG_WARN_OBJC_ROOT_CLASS = YES_ERROR;
				CLANG_WARN_QUOTED_INCLUDE_IN_FRAMEWORK_HEADER = YES;
				CLANG_WARN_RANGE_LOOP_ANALYSIS = YES;
				CLANG_WARN_STRICT_PROTOTYPES = YES;
				CLANG_WARN_SUSPICIOUS_MOVE = YES;
				CLANG_WARN_UNGUARDED_AVAILABILITY = YES_AGGRESSIVE;
				CLANG_WARN_UNREACHABLE_CODE = YES;
				CLANG_WARN__DUPLICATE_METHOD_MATCH = YES;
				COPY_PHASE_STRIP = NO;
				DEBUG_INFORMATION_FORMAT = dwarf;
				ENABLE_STRICT_OBJC_MSGSEND = YES;
				ENABLE_TESTABILITY = YES;
				ENABLE_USER_SCRIPT_SANDBOXING = YES;
				GCC_C_LANGUAGE_STANDARD = gnu17;
				GCC_DYNAMIC_NO_PIC = NO;
				GCC_NO_COMMON_BLOCKS = YES;
				GCC_OPTIMIZATION_LEVEL = 0;
				GCC_PREPROCESSOR_DEFINITIONS = (
					"DEBUG=1",
					"$(inherited)",
				);
				GCC_WARN_64_TO_32_BIT_CONVERSION = YES;
				GCC_WARN_ABOUT_RETURN_TYPE = YES_ERROR;
				GCC_WARN_UNDECLARED_SELECTOR = YES;
				GCC_WARN_UNINITIALIZED_AUTOS = YES_AGGRESSIVE;
				GCC_WARN_UNUSED_FUNCTION = YES;
				GCC_WARN_UNUSED_VARIABLE = YES;
				IPHONEOS_DEPLOYMENT_TARGET = 17.2;
				LOCALIZATION_PREFERS_STRING_CATALOGS = YES;
				MTL_ENABLE_DEBUG_INFO = INCLUDE_SOURCE;
				MTL_FAST_MATH = YES;
				ONLY_ACTIVE_ARCH = YES;
				SDKROOT = iphoneos;
				SWIFT_ACTIVE_COMPILATION_CONDITIONS = "DEBUG $(inherited)";
				SWIFT_OPTIMIZATION_LEVEL = "-Onone";
			};
			name = Debug;
		};
		FC979B362B5C8AB4007D41E8 /* Release */ = {
			isa = XCBuildConfiguration;
			buildSettings = {
				ALWAYS_SEARCH_USER_PATHS = NO;
				ASSETCATALOG_COMPILER_GENERATE_SWIFT_ASSET_SYMBOL_EXTENSIONS = YES;
				CLANG_ANALYZER_NONNULL = YES;
				CLANG_ANALYZER_NUMBER_OBJECT_CONVERSION = YES_AGGRESSIVE;
				CLANG_CXX_LANGUAGE_STANDARD = "gnu++20";
				CLANG_ENABLE_MODULES = YES;
				CLANG_ENABLE_OBJC_ARC = YES;
				CLANG_ENABLE_OBJC_WEAK = YES;
				CLANG_WARN_BLOCK_CAPTURE_AUTORELEASING = YES;
				CLANG_WARN_BOOL_CONVERSION = YES;
				CLANG_WARN_COMMA = YES;
				CLANG_WARN_CONSTANT_CONVERSION = YES;
				CLANG_WARN_DEPRECATED_OBJC_IMPLEMENTATIONS = YES;
				CLANG_WARN_DIRECT_OBJC_ISA_USAGE = YES_ERROR;
				CLANG_WARN_DOCUMENTATION_COMMENTS = YES;
				CLANG_WARN_EMPTY_BODY = YES;
				CLANG_WARN_ENUM_CONVERSION = YES;
				CLANG_WARN_INFINITE_RECURSION = YES;
				CLANG_WARN_INT_CONVERSION = YES;
				CLANG_WARN_NON_LITERAL_NULL_CONVERSION = YES;
				CLANG_WARN_OBJC_IMPLICIT_RETAIN_SELF = YES;
				CLANG_WARN_OBJC_LITERAL_CONVERSION = YES;
				CLANG_WARN_OBJC_ROOT_CLASS = YES_ERROR;
				CLANG_WARN_QUOTED_INCLUDE_IN_FRAMEWORK_HEADER = YES;
				CLANG_WARN_RANGE_LOOP_ANALYSIS = YES;
				CLANG_WARN_STRICT_PROTOTYPES = YES;
				CLANG_WARN_SUSPICIOUS_MOVE = YES;
				CLANG_WARN_UNGUARDED_AVAILABILITY = YES_AGGRESSIVE;
				CLANG_WARN_UNREACHABLE_CODE = YES;
				CLANG_WARN__DUPLICATE_METHOD_MATCH = YES;
				COPY_PHASE_STRIP = NO;
				DEBUG_INFORMATION_FORMAT = "dwarf-with-dsym";
				ENABLE_NS_ASSERTIONS = NO;
				ENABLE_STRICT_OBJC_MSGSEND = YES;
				ENABLE_USER_SCRIPT_SANDBOXING = YES;
				GCC_C_LANGUAGE_STANDARD = gnu17;
				GCC_NO_COMMON_BLOCKS = YES;
				GCC_WARN_64_TO_32_BIT_CONVERSION = YES;
				GCC_WARN_ABOUT_RETURN_TYPE = YES_ERROR;
				GCC_WARN_UNDECLARED_SELECTOR = YES;
				GCC_WARN_UNINITIALIZED_AUTOS = YES_AGGRESSIVE;
				GCC_WARN_UNUSED_FUNCTION = YES;
				GCC_WARN_UNUSED_VARIABLE = YES;
				IPHONEOS_DEPLOYMENT_TARGET = 17.2;
				LOCALIZATION_PREFERS_STRING_CATALOGS = YES;
				MTL_ENABLE_DEBUG_INFO = NO;
				MTL_FAST_MATH = YES;
				SDKROOT = iphoneos;
				SWIFT_COMPILATION_MODE = wholemodule;
				VALIDATE_PRODUCT = YES;
			};
			name = Release;
		};
		FC979B382B5C8AB4007D41E8 /* Debug */ = {
			isa = XCBuildConfiguration;
			buildSettings = {
				ASSETCATALOG_COMPILER_APPICON_NAME = AppIcon;
				ASSETCATALOG_COMPILER_GLOBAL_ACCENT_COLOR_NAME = AccentColor;
				CODE_SIGN_STYLE = Automatic;
				CURRENT_PROJECT_VERSION = 1;
				DEVELOPMENT_ASSET_PATHS = "\"LumLearning/Preview Content\"";
				ENABLE_PREVIEWS = YES;
				GENERATE_INFOPLIST_FILE = YES;
				INFOPLIST_KEY_UIApplicationSceneManifest_Generation = YES;
				INFOPLIST_KEY_UIApplicationSupportsIndirectInputEvents = YES;
				INFOPLIST_KEY_UILaunchScreen_Generation = YES;
				INFOPLIST_KEY_UISupportedInterfaceOrientations_iPad = "UIInterfaceOrientationPortrait UIInterfaceOrientationPortraitUpsideDown UIInterfaceOrientationLandscapeLeft UIInterfaceOrientationLandscapeRight";
				INFOPLIST_KEY_UISupportedInterfaceOrientations_iPhone = "UIInterfaceOrientationPortrait UIInterfaceOrientationLandscapeLeft UIInterfaceOrientationLandscapeRight";
				LD_RUNPATH_SEARCH_PATHS = (
					"$(inherited)",
					"@executable_path/Frameworks",
				);
				MARKETING_VERSION = 1.0;
				PRODUCT_BUNDLE_IDENTIFIER = IB.LumLearning;
				PRODUCT_NAME = "$(TARGET_NAME)";
				SWIFT_EMIT_LOC_STRINGS = YES;
				SWIFT_VERSION = 5.0;
				TARGETED_DEVICE_FAMILY = "1,2";
			};
			name = Debug;
		};
		FC979B392B5C8AB4007D41E8 /* Release */ = {
			isa = XCBuildConfiguration;
			buildSettings = {
				ASSETCATALOG_COMPILER_APPICON_NAME = AppIcon;
				ASSETCATALOG_COMPILER_GLOBAL_ACCENT_COLOR_NAME = AccentColor;
				CODE_SIGN_STYLE = Automatic;
				CURRENT_PROJECT_VERSION = 1;
				DEVELOPMENT_ASSET_PATHS = "\"LumLearning/Preview Content\"";
				ENABLE_PREVIEWS = YES;
				GENERATE_INFOPLIST_FILE = YES;
				INFOPLIST_KEY_UIApplicationSceneManifest_Generation = YES;
				INFOPLIST_KEY_UIApplicationSupportsIndirectInputEvents = YES;
				INFOPLIST_KEY_UILaunchScreen_Generation = YES;
				INFOPLIST_KEY_UISupportedInterfaceOrientations_iPad = "UIInterfaceOrientationPortrait UIInterfaceOrientationPortraitUpsideDown UIInterfaceOrientationLandscapeLeft UIInterfaceOrientationLandscapeRight";
				INFOPLIST_KEY_UISupportedInterfaceOrientations_iPhone = "UIInterfaceOrientationPortrait UIInterfaceOrientationLandscapeLeft UIInterfaceOrientationLandscapeRight";
				LD_RUNPATH_SEARCH_PATHS = (
					"$(inherited)",
					"@executable_path/Frameworks",
				);
				MARKETING_VERSION = 1.0;
				PRODUCT_BUNDLE_IDENTIFIER = IB.LumLearning;
				PRODUCT_NAME = "$(TARGET_NAME)";
				SWIFT_EMIT_LOC_STRINGS = YES;
				SWIFT_VERSION = 5.0;
				TARGETED_DEVICE_FAMILY = "1,2";
			};
			name = Release;
		};
		FC979B3B2B5C8AB4007D41E8 /* Debug */ = {
			isa = XCBuildConfiguration;
			buildSettings = {
				ALWAYS_EMBED_SWIFT_STANDARD_LIBRARIES = YES;
				BUNDLE_LOADER = "$(TEST_HOST)";
				CODE_SIGN_STYLE = Automatic;
				CURRENT_PROJECT_VERSION = 1;
				GENERATE_INFOPLIST_FILE = YES;
				IPHONEOS_DEPLOYMENT_TARGET = 17.2;
				MARKETING_VERSION = 1.0;
				PRODUCT_BUNDLE_IDENTIFIER = IB.LumLearningTests;
				PRODUCT_NAME = "$(TARGET_NAME)";
				SWIFT_EMIT_LOC_STRINGS = NO;
				SWIFT_VERSION = 5.0;
				TARGETED_DEVICE_FAMILY = "1,2";
				TEST_HOST = "$(BUILT_PRODUCTS_DIR)/LumLearning.app/$(BUNDLE_EXECUTABLE_FOLDER_PATH)/LumLearning";
			};
			name = Debug;
		};
		FC979B3C2B5C8AB4007D41E8 /* Release */ = {
			isa = XCBuildConfiguration;
			buildSettings = {
				ALWAYS_EMBED_SWIFT_STANDARD_LIBRARIES = YES;
				BUNDLE_LOADER = "$(TEST_HOST)";
				CODE_SIGN_STYLE = Automatic;
				CURRENT_PROJECT_VERSION = 1;
				GENERATE_INFOPLIST_FILE = YES;
				IPHONEOS_DEPLOYMENT_TARGET = 17.2;
				MARKETING_VERSION = 1.0;
				PRODUCT_BUNDLE_IDENTIFIER = IB.LumLearningTests;
				PRODUCT_NAME = "$(TARGET_NAME)";
				SWIFT_EMIT_LOC_STRINGS = NO;
				SWIFT_VERSION = 5.0;
				TARGETED_DEVICE_FAMILY = "1,2";
				TEST_HOST = "$(BUILT_PRODUCTS_DIR)/LumLearning.app/$(BUNDLE_EXECUTABLE_FOLDER_PATH)/LumLearning";
			};
			name = Release;
		};
		FC979B3E2B5C8AB4007D41E8 /* Debug */ = {
			isa = XCBuildConfiguration;
			buildSettings = {
				ALWAYS_EMBED_SWIFT_STANDARD_LIBRARIES = YES;
				CODE_SIGN_STYLE = Automatic;
				CURRENT_PROJECT_VERSION = 1;
				GENERATE_INFOPLIST_FILE = YES;
				MARKETING_VERSION = 1.0;
				PRODUCT_BUNDLE_IDENTIFIER = IB.LumLearningUITests;
				PRODUCT_NAME = "$(TARGET_NAME)";
				SWIFT_EMIT_LOC_STRINGS = NO;
				SWIFT_VERSION = 5.0;
				TARGETED_DEVICE_FAMILY = "1,2";
				TEST_TARGET_NAME = LumLearning;
			};
			name = Debug;
		};
		FC979B3F2B5C8AB4007D41E8 /* Release */ = {
			isa = XCBuildConfiguration;
			buildSettings = {
				ALWAYS_EMBED_SWIFT_STANDARD_LIBRARIES = YES;
				CODE_SIGN_STYLE = Automatic;
				CURRENT_PROJECT_VERSION = 1;
				GENERATE_INFOPLIST_FILE = YES;
				MARKETING_VERSION = 1.0;
				PRODUCT_BUNDLE_IDENTIFIER = IB.LumLearningUITests;
				PRODUCT_NAME = "$(TARGET_NAME)";
				SWIFT_EMIT_LOC_STRINGS = NO;
				SWIFT_VERSION = 5.0;
				TARGETED_DEVICE_FAMILY = "1,2";
				TEST_TARGET_NAME = LumLearning;
			};
			name = Release;
		};
/* End XCBuildConfiguration section */

/* Begin XCConfigurationList section */
		FC979B0E2B5C8AB3007D41E8 /* Build configuration list for PBXProject "LumLearning" */ = {
			isa = XCConfigurationList;
			buildConfigurations = (
				FC979B352B5C8AB4007D41E8 /* Debug */,
				FC979B362B5C8AB4007D41E8 /* Release */,
			);
			defaultConfigurationIsVisible = 0;
			defaultConfigurationName = Release;
		};
		FC979B372B5C8AB4007D41E8 /* Build configuration list for PBXNativeTarget "LumLearning" */ = {
			isa = XCConfigurationList;
			buildConfigurations = (
				FC979B382B5C8AB4007D41E8 /* Debug */,
				FC979B392B5C8AB4007D41E8 /* Release */,
			);
			defaultConfigurationIsVisible = 0;
			defaultConfigurationName = Release;
		};
		FC979B3A2B5C8AB4007D41E8 /* Build configuration list for PBXNativeTarget "LumLearningTests" */ = {
			isa = XCConfigurationList;
			buildConfigurations = (
				FC979B3B2B5C8AB4007D41E8 /* Debug */,
				FC979B3C2B5C8AB4007D41E8 /* Release */,
			);
			defaultConfigurationIsVisible = 0;
			defaultConfigurationName = Release;
		};
		FC979B3D2B5C8AB4007D41E8 /* Build configuration list for PBXNativeTarget "LumLearningUITests" */ = {
			isa = XCConfigurationList;
			buildConfigurations = (
				FC979B3E2B5C8AB4007D41E8 /* Debug */,
				FC979B3F2B5C8AB4007D41E8 /* Release */,
			);
			defaultConfigurationIsVisible = 0;
			defaultConfigurationName = Release;
		};
/* End XCConfigurationList section */
	};
	rootObject = FC979B0B2B5C8AB3007D41E8 /* Project object */;
}
